{
  "name": "zip-unzip-promise",
  "version": "1.1.0",
  "lockfileVersion": 1,
  "requires": true,
  "dependencies": {
    "@honeo/check": {
      "version": "1.2.0",
      "resolved": "https://registry.npmjs.org/@honeo/check/-/check-1.2.0.tgz",
      "integrity": "sha512-EnopCAjTEPQrNL/Yq/dmOB4GvdkySx5MkBsmxW3Ov0ciSDnDm8LUFmsczs3CG/guFMavh3qP0uzzUB2UkhRKWg=="
    },
    "@honeo/test": {
      "version": "3.2.0",
      "resolved": "https://registry.npmjs.org/@honeo/test/-/test-3.2.0.tgz",
      "integrity": "sha512-+HRK3MRcVaKxCKWHNTT+4eGf1meGSyuK0wFCtdyuykKZIeT/kpsvL7+kYMitJ4bhSCcWxhFM1kD9u2iNlrV4Xw==",
      "dev": true,
      "requires": {
        "fs-extra": "^7.0.1",
        "ospath": "^1.2.2"
      },
      "dependencies": {
        "fs-extra": {
          "version": "7.0.1",
          "resolved": "https://registry.npmjs.org/fs-extra/-/fs-extra-7.0.1.tgz",
          "integrity": "sha512-YJDaCJZEnBmcbw13fvdAM9AwNOJwOzrE4pqMqBq5nFiEqXUqHwlK4B+3pUw6JNvfSPtX05xFHtYy/1ni01eGCw==",
          "dev": true,
          "requires": {
            "graceful-fs": "^4.1.2",
            "jsonfile": "^4.0.0",
            "universalify": "^0.1.0"
          }
        },
        "jsonfile": {
          "version": "4.0.0",
          "resolved": "https://registry.npmjs.org/jsonfile/-/jsonfile-4.0.0.tgz",
          "integrity": "sha1-h3Gq4HmbZAdrdmQPygWPnBDjPss=",
          "dev": true,
          "requires": {
            "graceful-fs": "^4.1.6"
          }
        }
      }
    },
    "@octetstream/promisify": {
      "version": "1.1.0",
      "resolved": "https://registry.npmjs.org/@octetstream/promisify/-/promisify-1.1.0.tgz",
      "integrity": "sha512-+ns1dHOaK4f8tvgf8uAkyuvdG+o9QkSQzLNU/a36cDPxKhORHCK0xNQ+GQb4ZOU8ouSS8akvfaKdJmZP5PrPow=="
    },
    "archiver": {
      "version": "1.3.0",
      "resolved": "https://registry.npmjs.org/archiver/-/archiver-1.3.0.tgz",
      "integrity": "sha1-TyGU1tj5nfP1MeaIHxTxXVX6ryI=",
      "requires": {
        "archiver-utils": "^1.3.0",
        "async": "^2.0.0",
        "buffer-crc32": "^0.2.1",
        "glob": "^7.0.0",
        "lodash": "^4.8.0",
        "readable-stream": "^2.0.0",
        "tar-stream": "^1.5.0",
        "walkdir": "^0.0.11",
        "zip-stream": "^1.1.0"
      }
    },
    "archiver-utils": {
      "version": "1.3.0",
      "resolved": "https://registry.npmjs.org/archiver-utils/-/archiver-utils-1.3.0.tgz",
      "integrity": "sha1-5QtMCccL89aA4y/xt5lOn52JUXQ=",
      "requires": {
        "glob": "^7.0.0",
        "graceful-fs": "^4.1.0",
        "lazystream": "^1.0.0",
        "lodash": "^4.8.0",
        "normalize-path": "^2.0.0",
        "readable-stream": "^2.0.0"
      }
    },
    "async": {
      "version": "2.3.0",
      "resolved": "https://registry.npmjs.org/async/-/async-2.3.0.tgz",
      "integrity": "sha1-EBPRBRBH3TIP4k5JTVxm7K9hR9k=",
      "requires": {
        "lodash": "^4.14.0"
      }
    },
    "balanced-match": {
      "version": "0.4.2",
      "resolved": "https://registry.npmjs.org/balanced-match/-/balanced-match-0.4.2.tgz",
      "integrity": "sha1-yz8+PHMtwPAe5wtAPzAuYddwmDg="
    },
    "big-integer": {
      "version": "1.6.41",
      "resolved": "https://registry.npmjs.org/big-integer/-/big-integer-1.6.41.tgz",
      "integrity": "sha512-d5AT9lMTYJ/ZE/4gzxb+5ttPcRWljVsvv7lF1w9KzkPhVUhBtHrjDo1J8swfZKepfLsliDhYa31zRYwcD0Yg9w=="
    },
    "binary": {
      "version": "0.3.0",
      "resolved": "https://registry.npmjs.org/binary/-/binary-0.3.0.tgz",
      "integrity": "sha1-n2BVO8XOjDOG87VTz/R0Yq3sqnk=",
      "requires": {
        "buffers": "~0.1.1",
        "chainsaw": "~0.1.0"
      }
    },
    "bl": {
      "version": "1.2.0",
      "resolved": "https://registry.npmjs.org/bl/-/bl-1.2.0.tgz",
      "integrity": "sha1-E5fn7ELF9dw4dHDFAONKn2vp6pg=",
      "requires": {
        "readable-stream": "^2.0.5"
      }
    },
    "bluebird": {
      "version": "3.4.7",
      "resolved": "https://registry.npmjs.org/bluebird/-/bluebird-3.4.7.tgz",
      "integrity": "sha1-9y12C+Cbf3bQjtj66Ysomo0F+rM="
    },
    "brace-expansion": {
      "version": "1.1.7",
      "resolved": "https://registry.npmjs.org/brace-expansion/-/brace-expansion-1.1.7.tgz",
      "integrity": "sha1-Pv/DxQ4ABTH7cg6v+A8K6O8jz1k=",
      "requires": {
        "balanced-match": "^0.4.1",
        "concat-map": "0.0.1"
      }
    },
    "buffer-crc32": {
      "version": "0.2.13",
      "resolved": "https://registry.npmjs.org/buffer-crc32/-/buffer-crc32-0.2.13.tgz",
      "integrity": "sha1-DTM+PwDqxQqhRUq9MO+MKl2ackI="
    },
    "buffer-indexof-polyfill": {
      "version": "1.0.1",
      "resolved": "https://registry.npmjs.org/buffer-indexof-polyfill/-/buffer-indexof-polyfill-1.0.1.tgz",
      "integrity": "sha1-qfuAbOgUXVQoUQznLyeLs2OmOL8="
    },
    "buffer-shims": {
      "version": "1.0.0",
      "resolved": "https://registry.npmjs.org/buffer-shims/-/buffer-shims-1.0.0.tgz",
      "integrity": "sha1-mXjOMXOIxkmth5MCjDR37wRKi1E="
    },
    "buffers": {
      "version": "0.1.1",
      "resolved": "https://registry.npmjs.org/buffers/-/buffers-0.1.1.tgz",
      "integrity": "sha1-skV5w77U1tOWru5tmorn9Ugqt7s="
    },
    "chainsaw": {
      "version": "0.1.0",
      "resolved": "https://registry.npmjs.org/chainsaw/-/chainsaw-0.1.0.tgz",
      "integrity": "sha1-XqtQsor+WAdNDVgpE4iCi15fvJg=",
      "requires": {
        "traverse": ">=0.3.0 <0.4"
      }
    },
    "compress-commons": {
      "version": "1.2.0",
      "resolved": "https://registry.npmjs.org/compress-commons/-/compress-commons-1.2.0.tgz",
      "integrity": "sha1-WFhwku8g03y1i68AARLJJ4/3O58=",
      "requires": {
        "buffer-crc32": "^0.2.1",
        "crc32-stream": "^2.0.0",
        "normalize-path": "^2.0.0",
        "readable-stream": "^2.0.0"
      }
    },
    "concat-map": {
      "version": "0.0.1",
      "resolved": "https://registry.npmjs.org/concat-map/-/concat-map-0.0.1.tgz",
      "integrity": "sha1-2Klr13/Wjfd5OnMDajug1UBdR3s="
    },
    "console-wrapper": {
      "version": "1.1.0",
      "resolved": "https://registry.npmjs.org/console-wrapper/-/console-wrapper-1.1.0.tgz",
      "integrity": "sha1-gsb5zRTGKVtLlRMpD6PMFnVniQM="
    },
    "core-util-is": {
      "version": "1.0.2",
      "resolved": "https://registry.npmjs.org/core-util-is/-/core-util-is-1.0.2.tgz",
      "integrity": "sha1-tf1UIgqivFq1eqtxQMlAdUUDwac="
    },
    "crc": {
      "version": "3.4.4",
      "resolved": "https://registry.npmjs.org/crc/-/crc-3.4.4.tgz",
      "integrity": "sha1-naHpgOO9RPxck79as9ozeNheRms="
    },
    "crc32-stream": {
      "version": "2.0.0",
      "resolved": "https://registry.npmjs.org/crc32-stream/-/crc32-stream-2.0.0.tgz",
      "integrity": "sha1-483TtN8xaN10494/u8t7KX/pCPQ=",
      "requires": {
        "crc": "^3.4.4",
        "readable-stream": "^2.0.0"
      }
    },
    "duplexer2": {
      "version": "0.1.4",
      "resolved": "https://registry.npmjs.org/duplexer2/-/duplexer2-0.1.4.tgz",
      "integrity": "sha1-ixLauHjA1p4+eJEFFmKjL8a93ME=",
      "requires": {
        "readable-stream": "^2.0.2"
      }
    },
    "end-of-stream": {
      "version": "1.4.0",
      "resolved": "https://registry.npmjs.org/end-of-stream/-/end-of-stream-1.4.0.tgz",
      "integrity": "sha1-epDYM+/abPpurA9JSduw+tOmMgY=",
      "requires": {
        "once": "^1.4.0"
      }
    },
    "escape-string-regexp": {
      "version": "1.0.5",
      "resolved": "https://registry.npmjs.org/escape-string-regexp/-/escape-string-regexp-1.0.5.tgz",
      "integrity": "sha1-G2HAViGQqN/2rjuyzwIAyhMLhtQ="
    },
    "filename-reserved-regex": {
      "version": "2.0.0",
      "resolved": "https://registry.npmjs.org/filename-reserved-regex/-/filename-reserved-regex-2.0.0.tgz",
      "integrity": "sha1-q/c9+rc10EVECr/qLZHzieu/oik="
    },
    "filenamify": {
      "version": "2.1.0",
      "resolved": "https://registry.npmjs.org/filenamify/-/filenamify-2.1.0.tgz",
      "integrity": "sha512-ICw7NTT6RsDp2rnYKVd8Fu4cr6ITzGy3+u4vUujPkabyaz+03F24NWEX7fs5fp+kBonlaqPH8fAO2NM+SXt/JA==",
      "requires": {
        "filename-reserved-regex": "^2.0.0",
        "strip-outer": "^1.0.0",
        "trim-repeated": "^1.0.0"
      }
    },
    "fs-extra": {
      "version": "3.0.1",
      "resolved": "https://registry.npmjs.org/fs-extra/-/fs-extra-3.0.1.tgz",
      "integrity": "sha1-N5TzeMWLNC6n27sjCVEJxLO2IpE=",
      "requires": {
        "graceful-fs": "^4.1.2",
        "jsonfile": "^3.0.0",
        "universalify": "^0.1.0"
      }
    },
    "fs.realpath": {
      "version": "1.0.0",
      "resolved": "https://registry.npmjs.org/fs.realpath/-/fs.realpath-1.0.0.tgz",
      "integrity": "sha1-FQStJSMVjKpA20onh8sBQRmU6k8="
    },
    "fstream": {
      "version": "1.0.11",
      "resolved": "https://registry.npmjs.org/fstream/-/fstream-1.0.11.tgz",
      "integrity": "sha1-XB+x8RdHcRTwYyoOtLcbPLD9MXE=",
      "requires": {
        "graceful-fs": "^4.1.2",
        "inherits": "~2.0.0",
        "mkdirp": ">=0.5 0",
        "rimraf": "2"
      }
    },
    "glob": {
      "version": "7.1.1",
      "resolved": "https://registry.npmjs.org/glob/-/glob-7.1.1.tgz",
      "integrity": "sha1-gFIR3wT6rxxjo2ADBs31reULLsg=",
      "requires": {
        "fs.realpath": "^1.0.0",
        "inflight": "^1.0.4",
        "inherits": "2",
        "minimatch": "^3.0.2",
        "once": "^1.3.0",
        "path-is-absolute": "^1.0.0"
      }
    },
    "graceful-fs": {
      "version": "4.1.11",
      "resolved": "https://registry.npmjs.org/graceful-fs/-/graceful-fs-4.1.11.tgz",
      "integrity": "sha1-Dovf5NHduIVNZOBOp8AOKgJuVlg="
    },
    "iconv-lite": {
      "version": "0.4.24",
      "resolved": "https://registry.npmjs.org/iconv-lite/-/iconv-lite-0.4.24.tgz",
      "integrity": "sha512-v3MXnZAcvnywkTUEZomIActle7RXXeedOR31wwl7VlyoXO4Qi9arvSenNQWne1TcRwhCL1HwLI21bEqdpj8/rA==",
      "requires": {
        "safer-buffer": ">= 2.1.2 < 3"
      }
    },
    "inflight": {
      "version": "1.0.6",
      "resolved": "https://registry.npmjs.org/inflight/-/inflight-1.0.6.tgz",
      "integrity": "sha1-Sb1jMdfQLQwJvJEKEHW6gWW1bfk=",
      "requires": {
        "once": "^1.3.0",
        "wrappy": "1"
      }
    },
    "inherits": {
      "version": "2.0.3",
      "resolved": "https://registry.npmjs.org/inherits/-/inherits-2.0.3.tgz",
      "integrity": "sha1-Yzwsg+PaQqUC9SRmAiSA9CCCYd4="
    },
    "isarray": {
      "version": "1.0.0",
      "resolved": "https://registry.npmjs.org/isarray/-/isarray-1.0.0.tgz",
      "integrity": "sha1-u5NdSFgsuhaMBoNJV6VKPgcSTxE="
    },
    "jsonfile": {
      "version": "3.0.0",
      "resolved": "https://registry.npmjs.org/jsonfile/-/jsonfile-3.0.0.tgz",
      "integrity": "sha1-kufHRE5f/V+jLmqa6LhQNN+DR9A=",
      "requires": {
        "graceful-fs": "^4.1.6"
      }
    },
    "lazystream": {
      "version": "1.0.0",
      "resolved": "https://registry.npmjs.org/lazystream/-/lazystream-1.0.0.tgz",
      "integrity": "sha1-9plf4PggOS9hOWvolGJAe7dxaOQ=",
      "requires": {
        "readable-stream": "^2.0.5"
      }
    },
    "listenercount": {
      "version": "1.0.1",
      "resolved": "https://registry.npmjs.org/listenercount/-/listenercount-1.0.1.tgz",
      "integrity": "sha1-hMinKrWcRyUyFIDJdeZQg0LnCTc="
    },
    "lodash": {
      "version": "4.17.4",
      "resolved": "https://registry.npmjs.org/lodash/-/lodash-4.17.4.tgz",
      "integrity": "sha1-eCA6TRwyiuHYbcpkYONptX9AVa4="
    },
    "minimatch": {
      "version": "3.0.3",
      "resolved": "https://registry.npmjs.org/minimatch/-/minimatch-3.0.3.tgz",
      "integrity": "sha1-Kk5AkLlrLbBqnX3wEFWmKnfJt3Q=",
      "requires": {
        "brace-expansion": "^1.0.0"
      }
    },
    "minimist": {
      "version": "0.0.8",
      "resolved": "https://registry.npmjs.org/minimist/-/minimist-0.0.8.tgz",
      "integrity": "sha1-hX/Kv8M5fSYluCKCYuhqp6ARsF0="
    },
    "mkdirp": {
      "version": "0.5.1",
      "resolved": "https://registry.npmjs.org/mkdirp/-/mkdirp-0.5.1.tgz",
      "integrity": "sha1-MAV0OOrGz3+MR2fzhkjWaX11yQM=",
      "requires": {
        "minimist": "0.0.8"
      }
    },
    "normalize-path": {
      "version": "2.1.1",
      "resolved": "https://registry.npmjs.org/normalize-path/-/normalize-path-2.1.1.tgz",
      "integrity": "sha1-GrKLVW4Zg2Oowab35vogE3/mrtk=",
      "requires": {
        "remove-trailing-separator": "^1.0.1"
      }
    },
    "once": {
      "version": "1.4.0",
      "resolved": "https://registry.npmjs.org/once/-/once-1.4.0.tgz",
      "integrity": "sha1-WDsap3WWHUsROsF9nFC6753Xa9E=",
      "requires": {
        "wrappy": "1"
      }
    },
    "ospath": {
      "version": "1.2.2",
      "resolved": "https://registry.npmjs.org/ospath/-/ospath-1.2.2.tgz",
      "integrity": "sha1-EnZjl3Sj+O8lcvf+QoDg6kVQwHs=",
      "dev": true
    },
    "path-is-absolute": {
      "version": "1.0.1",
      "resolved": "https://registry.npmjs.org/path-is-absolute/-/path-is-absolute-1.0.1.tgz",
      "integrity": "sha1-F0uSaHNVNP+8es5r9TpanhtcX18="
    },
    "process-nextick-args": {
      "version": "1.0.7",
      "resolved": "https://registry.npmjs.org/process-nextick-args/-/process-nextick-args-1.0.7.tgz",
      "integrity": "sha1-FQ4gt1ZZCtP5EJPyWk8q2L/zC6M="
    },
    "promise-fs": {
      "version": "1.3.0",
      "resolved": "https://registry.npmjs.org/promise-fs/-/promise-fs-1.3.0.tgz",
      "integrity": "sha512-CXT/dzuNzWDl9UoJ49MHgv5GqjLcOw5iq7laC3DfBjDRpDFVt3kal6Ar8rTafzEv1cS5BJIW/5o3tTKYHOcEtg==",
      "requires": {
        "@octetstream/promisify": "1.1.0"
      }
    },
    "readable-stream": {
      "version": "2.2.9",
      "resolved": "https://registry.npmjs.org/readable-stream/-/readable-stream-2.2.9.tgz",
      "integrity": "sha1-z3jsb0ptHrQ9JkiMrJfwQudLf8g=",
      "requires": {
        "buffer-shims": "~1.0.0",
        "core-util-is": "~1.0.0",
        "inherits": "~2.0.1",
        "isarray": "~1.0.0",
        "process-nextick-args": "~1.0.6",
        "string_decoder": "~1.0.0",
        "util-deprecate": "~1.0.1"
      }
    },
    "remove-trailing-separator": {
      "version": "1.0.1",
      "resolved": "https://registry.npmjs.org/remove-trailing-separator/-/remove-trailing-separator-1.0.1.tgz",
      "integrity": "sha1-YV67lq9VlVLUv0BXyENtSGq2PMQ="
    },
    "rimraf": {
      "version": "2.6.3",
      "resolved": "https://registry.npmjs.org/rimraf/-/rimraf-2.6.3.tgz",
      "integrity": "sha512-mwqeW5XsA2qAejG46gYdENaxXjx9onRNCfn7L0duuP4hCuTIi/QO7PDK07KJfp1d+izWPrzEJDcSqBa0OZQriA==",
      "requires": {
        "glob": "^7.1.3"
      },
      "dependencies": {
        "glob": {
          "version": "7.1.3",
          "resolved": "https://registry.npmjs.org/glob/-/glob-7.1.3.tgz",
          "integrity": "sha512-vcfuiIxogLV4DlGBHIUOwI0IbrJ8HWPc4MU7HzviGeNho/UJDfi6B5p3sHeWIQ0KGIU0Jpxi5ZHxemQfLkkAwQ==",
          "requires": {
            "fs.realpath": "^1.0.0",
            "inflight": "^1.0.4",
            "inherits": "2",
            "minimatch": "^3.0.4",
            "once": "^1.3.0",
            "path-is-absolute": "^1.0.0"
          }
        },
        "minimatch": {
          "version": "3.0.4",
          "resolved": "https://registry.npmjs.org/minimatch/-/minimatch-3.0.4.tgz",
          "integrity": "sha512-yJHVQEhyqPLUTgt9B83PXu6W3rx4MvvHvSUvToogpwoGDOUQ+yDrR0HRot+yOCdCO7u4hX3pWft6kWBBcqh0UA==",
          "requires": {
            "brace-expansion": "^1.1.7"
          }
        }
      }
    },
    "safe-buffer": {
      "version": "5.1.2",
      "resolved": "https://registry.npmjs.org/safe-buffer/-/safe-buffer-5.1.2.tgz",
      "integrity": "sha512-Gd2UZBJDkXlY7GbJxfsE8/nvKkUEU1G38c1siN6QP6a9PT9MmHB8GnpscSmMJSoF8LOIrt8ud/wPtojys4G6+g=="
    },
    "safer-buffer": {
      "version": "2.1.2",
      "resolved": "https://registry.npmjs.org/safer-buffer/-/safer-buffer-2.1.2.tgz",
      "integrity": "sha512-YZo3K82SD7Riyi0E1EQPojLz7kpepnSQI9IyPbHHg1XXXevb5dJI7tpyN2ADxGcQbHG7vcyRHk0cbwqcQriUtg=="
    },
    "sanitize-filename": {
      "version": "1.6.1",
      "resolved": "https://registry.npmjs.org/sanitize-filename/-/sanitize-filename-1.6.1.tgz",
      "integrity": "sha1-YS2hyWRz+gLczaktzVtKsWSmdyo=",
      "requires": {
        "truncate-utf8-bytes": "^1.0.0"
      }
    },
    "setimmediate": {
      "version": "1.0.5",
      "resolved": "https://registry.npmjs.org/setimmediate/-/setimmediate-1.0.5.tgz",
      "integrity": "sha1-KQy7Iy4waULX1+qbg3Mqt4VvgoU="
    },
    "string_decoder": {
      "version": "1.0.0",
      "resolved": "https://registry.npmjs.org/string_decoder/-/string_decoder-1.0.0.tgz",
      "integrity": "sha1-8G9BFXtmTYYGn4S9vcmw2KsoFmc=",
      "requires": {
        "buffer-shims": "~1.0.0"
      }
    },
    "strip-outer": {
      "version": "1.0.1",
      "resolved": "https://registry.npmjs.org/strip-outer/-/strip-outer-1.0.1.tgz",
      "integrity": "sha512-k55yxKHwaXnpYGsOzg4Vl8+tDrWylxDEpknGjhTiZB8dFRU5rTo9CAzeycivxV3s+zlTKwrs6WxMxR95n26kwg==",
      "requires": {
        "escape-string-regexp": "^1.0.2"
      }
    },
    "tar-stream": {
      "version": "1.5.2",
      "resolved": "https://registry.npmjs.org/tar-stream/-/tar-stream-1.5.2.tgz",
      "integrity": "sha1-+8bG6DwaGdTLSMfZYXH8JI7/x78=",
      "requires": {
        "bl": "^1.0.0",
        "end-of-stream": "^1.0.0",
        "readable-stream": "^2.0.0",
        "xtend": "^4.0.0"
      }
    },
    "traverse": {
      "version": "0.3.9",
      "resolved": "https://registry.npmjs.org/traverse/-/traverse-0.3.9.tgz",
      "integrity": "sha1-cXuPIgzAu3tE5AUUwisui7xw2Lk="
    },
    "trim-repeated": {
      "version": "1.0.0",
      "resolved": "https://registry.npmjs.org/trim-repeated/-/trim-repeated-1.0.0.tgz",
      "integrity": "sha1-42RqLqTokTEr9+rObPsFOAvAHCE=",
      "requires": {
        "escape-string-regexp": "^1.0.2"
      }
    },
    "truncate-utf8-bytes": {
      "version": "1.0.2",
      "resolved": "https://registry.npmjs.org/truncate-utf8-bytes/-/truncate-utf8-bytes-1.0.2.tgz",
      "integrity": "sha1-QFkjkJWS1W94pYGENLC3hInKXys=",
      "requires": {
        "utf8-byte-length": "^1.0.1"
      }
    },
    "universalify": {
      "version": "0.1.0",
      "resolved": "https://registry.npmjs.org/universalify/-/universalify-0.1.0.tgz",
      "integrity": "sha1-nrHEZR3rzGcMyU8adXYjMruWd3g="
    },
    "unzipper": {
      "version": "0.9.10",
      "resolved": "https://registry.npmjs.org/unzipper/-/unzipper-0.9.10.tgz",
      "integrity": "sha512-dhxTaR67KGyrmxseXTmsyzdlRWkuN0rMPo9j6lxosR/PkzbHNd3smzMobaApx6o/oYvqU1uv+fAPoWr1P4bd8Q==",
      "requires": {
        "big-integer": "^1.6.17",
        "binary": "~0.3.0",
        "bluebird": "~3.4.1",
        "buffer-indexof-polyfill": "~1.0.0",
        "duplexer2": "~0.1.4",
        "fstream": "~1.0.10",
        "listenercount": "~1.0.1",
        "readable-stream": "~2.3.6",
        "setimmediate": "~1.0.4"
      },
      "dependencies": {
        "process-nextick-args": {
          "version": "2.0.0",
          "resolved": "https://registry.npmjs.org/process-nextick-args/-/process-nextick-args-2.0.0.tgz",
          "integrity": "sha512-MtEC1TqN0EU5nephaJ4rAtThHtC86dNN9qCuEhtshvpVBkAW5ZO7BASN9REnF9eoXGcRub+pFuKEpOHE+HbEMw=="
        },
        "readable-stream": {
          "version": "2.3.6",
          "resolved": "https://registry.npmjs.org/readable-stream/-/readable-stream-2.3.6.tgz",
          "integrity": "sha512-tQtKA9WIAhBF3+VLAseyMqZeBjW0AHJoxOtYqSUZNJxauErmLbVm2FW1y+J/YA9dUrAC39ITejlZWhVIwawkKw==",
          "requires": {
            "core-util-is": "~1.0.0",
            "inherits": "~2.0.3",
            "isarray": "~1.0.0",
            "process-nextick-args": "~2.0.0",
            "safe-buffer": "~5.1.1",
            "string_decoder": "~1.1.1",
            "util-deprecate": "~1.0.1"
          }
        },
        "string_decoder": {
          "version": "1.1.1",
          "resolved": "https://registry.npmjs.org/string_decoder/-/string_decoder-1.1.1.tgz",
          "integrity": "sha512-n/ShnvDi6FHbbVfviro+WojiFzv+s8MPMHBczVePfUpDJLwoLT0ht1l4YwBCbi8pJAveEEdnkHyPyTP/mzRfwg==",
          "requires": {
            "safe-buffer": "~5.1.0"
          }
        }
      }
    },
    "utf8-byte-length": {
      "version": "1.0.4",
      "resolved": "https://registry.npmjs.org/utf8-byte-length/-/utf8-byte-length-1.0.4.tgz",
      "integrity": "sha1-9F8VDExm7uloGGUFq5P8u4rWv2E="
    },
    "util-deprecate": {
      "version": "1.0.2",
      "resolved": "https://registry.npmjs.org/util-deprecate/-/util-deprecate-1.0.2.tgz",
      "integrity": "sha1-RQ1Nyfpw3nMnYvvS1KKJgUGaDM8="
    },
    "walkdir": {
      "version": "0.0.11",
      "resolved": "https://registry.npmjs.org/walkdir/-/walkdir-0.0.11.tgz",
      "integrity": "sha1-oW0CXrkxvQO1LzCMrtD0D86+lTI="
    },
    "wrappy": {
      "version": "1.0.2",
      "resolved": "https://registry.npmjs.org/wrappy/-/wrappy-1.0.2.tgz",
      "integrity": "sha1-tSQ9jz7BqjXxNkYFvA0QNuMKtp8="
    },
    "xtend": {
      "version": "4.0.1",
      "resolved": "https://registry.npmjs.org/xtend/-/xtend-4.0.1.tgz",
      "integrity": "sha1-pcbVMr5lbiPbgg77lDofBJmNY68="
    },
    "zip-stream": {
      "version": "1.1.1",
      "resolved": "https://registry.npmjs.org/zip-stream/-/zip-stream-1.1.1.tgz",
      "integrity": "sha1-Uha0i7tNJlH2TVxubwnrSnOZ1Vc=",
      "requires": {
        "archiver-utils": "^1.3.0",
        "compress-commons": "^1.1.0",
        "lodash": "^4.8.0",
        "readable-stream": "^2.0.0"
      }
    }
  }
}
